
Microsoft Visual Studio Solution File, Format Version 12.00
# Visual Studio Version 17
VisualStudioVersion = 17.5.33424.131
MinimumVisualStudioVersion = 10.0.40219.1
Project("{2150E333-8FDC-42A3-9474-1A3956D46DE8}") = "01_DevelopmentApproaches", "01_DevelopmentApproaches", "{641C6F56-ED42-4A5F-A4F1-F9D17BF5207A}"
EndProject
Project("{9A19103F-16F7-4668-BE54-9A1E7A4F7556}") = "01_CodeFirst", "DevelopmentApproaches\01_CodeFirst\01_CodeFirst.csproj", "{A199747B-5874-4B0C-B948-291901730982}"
EndProject
Project("{9A19103F-16F7-4668-BE54-9A1E7A4F7556}") = "02_DbFirst", "DevelopmentApproaches\02_DbFirst\02_DbFirst.csproj", "{E7CA3CA6-31F3-41E1-B48C-6EE658E1F658}"
EndProject
Project("{9A19103F-16F7-4668-BE54-9A1E7A4F7556}") = "03_ModelFirst", "DevelopmentApproaches\03_ModelFirst\03_ModelFirst.csproj", "{1D3AC5EF-2937-4C7E-BCA4-4D91497CAAE7}"
EndProject
Project("{2150E333-8FDC-42A3-9474-1A3956D46DE8}") = "02_CRUD", "02_CRUD", "{E0CBFB20-F892-44AB-B885-05DA29430D30}"
EndProject
Project("{9A19103F-16F7-4668-BE54-9A1E7A4F7556}") = "01_Crud", "CRUD\01_Crud\01_Crud.csproj", "{20153971-A376-4216-A702-46D6DA0786A5}"
EndProject
Project("{2150E333-8FDC-42A3-9474-1A3956D46DE8}") = "Core", "Core", "{AC30CF5F-3EC4-4BD8-9300-AE0ECCD5D025}"
EndProject
Project("{9A19103F-16F7-4668-BE54-9A1E7A4F7556}") = "SecretsTools", "Core\SecretsTools\SecretsTools.csproj", "{68582E3B-D32C-4302-946F-C428822F239B}"
EndProject
Project("{9A19103F-16F7-4668-BE54-9A1E7A4F7556}") = "CrudModel", "Core\CrudModel\CrudModel.csproj", "{397974EC-DE6F-457D-AE5A-413926625E28}"
EndProject
Project("{2150E333-8FDC-42A3-9474-1A3956D46DE8}") = "ConnectionConfig", "ConnectionConfig", "{EC983A5B-3E97-4EFC-8B93-0B466EA0FBB4}"
EndProject
Project("{9A19103F-16F7-4668-BE54-9A1E7A4F7556}") = "ConnectionStrings", "Core\ConnectionStrings\ConnectionStrings.csproj", "{A336D008-8B38-43E6-A50E-DDE754CB04E1}"
EndProject
Project("{9A19103F-16F7-4668-BE54-9A1E7A4F7556}") = "02_CrudAsync", "CRUD\02_CrudAsync\02_CrudAsync.csproj", "{7726C53B-A1A4-4F96-ABF1-B2D2A986D311}"
EndProject
Project("{9A19103F-16F7-4668-BE54-9A1E7A4F7556}") = "00_DisposeAsync", "CRUD\00_DisposeAsync\00_DisposeAsync.csproj", "{33BBF74A-AC5B-42D0-AF5A-6E71E2CC3FFE}"
EndProject
Project("{9A19103F-16F7-4668-BE54-9A1E7A4F7556}") = "BulkCrudModel", "Core\BulkCrudModel\BulkCrudModel.csproj", "{926A340B-02A3-4E24-B9EF-9574867780E1}"
EndProject
Project("{9A19103F-16F7-4668-BE54-9A1E7A4F7556}") = "03_BulkCrud", "CRUD\03_BulkCrud\03_BulkCrud.csproj", "{7F116F50-58F5-488C-A492-9AB2C41E738A}"
EndProject
Project("{9A19103F-16F7-4668-BE54-9A1E7A4F7556}") = "04_BulkInsertTest", "CRUD\04_BulkInsertTest\04_BulkInsertTest.csproj", "{31ECFD49-B746-4297-8495-64F49921EBC7}"
EndProject
Project("{9A19103F-16F7-4668-BE54-9A1E7A4F7556}") = "04_Migration", "DevelopmentApproaches\04_Migration\04_Migration.csproj", "{D23E5ECC-7245-45C2-9172-D6420B12B569}"
EndProject
Project("{9A19103F-16F7-4668-BE54-9A1E7A4F7556}") = "05_PostgreSQLCodeFirst", "DevelopmentApproaches\05_PostgreSQL\05_PostgreSQLCodeFirst.csproj", "{5394F03A-5330-4E7F-99F1-607B82CD087D}"
EndProject
Project("{2150E333-8FDC-42A3-9474-1A3956D46DE8}") = "03_Models", "03_Models", "{B3D14996-AF35-41E1-AC52-84BA866DB3D0}"
EndProject
Project("{FAE04EC0-301F-11D3-BF4B-00C04F79EFBC}") = "01_FluentApiAndDataAnnotations", "Models\01_FluentApiAndDataAnnotations\01_FluentApiAndDataAnnotations.csproj", "{96816069-4365-49B9-B4E1-164951080757}"
EndProject
Project("{FAE04EC0-301F-11D3-BF4B-00C04F79EFBC}") = "02_DbSet", "Models\02_DbSet\02_DbSet.csproj", "{E63A9DD8-16C5-43FC-9626-DB2E776A9BD8}"
EndProject
Project("{FAE04EC0-301F-11D3-BF4B-00C04F79EFBC}") = "03_Ctor", "Models\03_Ctor\03_Ctor.csproj", "{1DBC8CD1-9CF9-4FD2-BA7C-15AD6308B905}"
EndProject
Project("{FAE04EC0-301F-11D3-BF4B-00C04F79EFBC}") = "04_Fields", "Models\04_Fields\04_Fields.csproj", "{8F4FBAC1-D337-4233-8F5B-AEA7D10B5DBF}"
EndProject
Project("{FAE04EC0-301F-11D3-BF4B-00C04F79EFBC}") = "05_Required", "Models\05_Required\05_Required.csproj", "{40CC8B37-25BC-4B29-AC88-024D92E56720}"
EndProject
Global
	GlobalSection(SolutionConfigurationPlatforms) = preSolution
		Debug|Any CPU = Debug|Any CPU
		Release|Any CPU = Release|Any CPU
	EndGlobalSection
	GlobalSection(ProjectConfigurationPlatforms) = postSolution
		{A199747B-5874-4B0C-B948-291901730982}.Debug|Any CPU.ActiveCfg = Debug|Any CPU
		{A199747B-5874-4B0C-B948-291901730982}.Debug|Any CPU.Build.0 = Debug|Any CPU
		{A199747B-5874-4B0C-B948-291901730982}.Release|Any CPU.ActiveCfg = Release|Any CPU
		{A199747B-5874-4B0C-B948-291901730982}.Release|Any CPU.Build.0 = Release|Any CPU
		{E7CA3CA6-31F3-41E1-B48C-6EE658E1F658}.Debug|Any CPU.ActiveCfg = Debug|Any CPU
		{E7CA3CA6-31F3-41E1-B48C-6EE658E1F658}.Debug|Any CPU.Build.0 = Debug|Any CPU
		{E7CA3CA6-31F3-41E1-B48C-6EE658E1F658}.Release|Any CPU.ActiveCfg = Release|Any CPU
		{E7CA3CA6-31F3-41E1-B48C-6EE658E1F658}.Release|Any CPU.Build.0 = Release|Any CPU
		{1D3AC5EF-2937-4C7E-BCA4-4D91497CAAE7}.Debug|Any CPU.ActiveCfg = Debug|Any CPU
		{1D3AC5EF-2937-4C7E-BCA4-4D91497CAAE7}.Debug|Any CPU.Build.0 = Debug|Any CPU
		{1D3AC5EF-2937-4C7E-BCA4-4D91497CAAE7}.Release|Any CPU.ActiveCfg = Release|Any CPU
		{1D3AC5EF-2937-4C7E-BCA4-4D91497CAAE7}.Release|Any CPU.Build.0 = Release|Any CPU
		{20153971-A376-4216-A702-46D6DA0786A5}.Debug|Any CPU.ActiveCfg = Debug|Any CPU
		{20153971-A376-4216-A702-46D6DA0786A5}.Debug|Any CPU.Build.0 = Debug|Any CPU
		{20153971-A376-4216-A702-46D6DA0786A5}.Release|Any CPU.ActiveCfg = Release|Any CPU
		{20153971-A376-4216-A702-46D6DA0786A5}.Release|Any CPU.Build.0 = Release|Any CPU
		{68582E3B-D32C-4302-946F-C428822F239B}.Debug|Any CPU.ActiveCfg = Debug|Any CPU
		{68582E3B-D32C-4302-946F-C428822F239B}.Debug|Any CPU.Build.0 = Debug|Any CPU
		{68582E3B-D32C-4302-946F-C428822F239B}.Release|Any CPU.ActiveCfg = Release|Any CPU
		{68582E3B-D32C-4302-946F-C428822F239B}.Release|Any CPU.Build.0 = Release|Any CPU
		{397974EC-DE6F-457D-AE5A-413926625E28}.Debug|Any CPU.ActiveCfg = Debug|Any CPU
		{397974EC-DE6F-457D-AE5A-413926625E28}.Debug|Any CPU.Build.0 = Debug|Any CPU
		{397974EC-DE6F-457D-AE5A-413926625E28}.Release|Any CPU.ActiveCfg = Release|Any CPU
		{397974EC-DE6F-457D-AE5A-413926625E28}.Release|Any CPU.Build.0 = Release|Any CPU
		{A336D008-8B38-43E6-A50E-DDE754CB04E1}.Debug|Any CPU.ActiveCfg = Debug|Any CPU
		{A336D008-8B38-43E6-A50E-DDE754CB04E1}.Debug|Any CPU.Build.0 = Debug|Any CPU
		{A336D008-8B38-43E6-A50E-DDE754CB04E1}.Release|Any CPU.ActiveCfg = Release|Any CPU
		{A336D008-8B38-43E6-A50E-DDE754CB04E1}.Release|Any CPU.Build.0 = Release|Any CPU
		{7726C53B-A1A4-4F96-ABF1-B2D2A986D311}.Debug|Any CPU.ActiveCfg = Debug|Any CPU
		{7726C53B-A1A4-4F96-ABF1-B2D2A986D311}.Debug|Any CPU.Build.0 = Debug|Any CPU
		{7726C53B-A1A4-4F96-ABF1-B2D2A986D311}.Release|Any CPU.ActiveCfg = Release|Any CPU
		{7726C53B-A1A4-4F96-ABF1-B2D2A986D311}.Release|Any CPU.Build.0 = Release|Any CPU
		{33BBF74A-AC5B-42D0-AF5A-6E71E2CC3FFE}.Debug|Any CPU.ActiveCfg = Debug|Any CPU
		{33BBF74A-AC5B-42D0-AF5A-6E71E2CC3FFE}.Debug|Any CPU.Build.0 = Debug|Any CPU
		{33BBF74A-AC5B-42D0-AF5A-6E71E2CC3FFE}.Release|Any CPU.ActiveCfg = Release|Any CPU
		{33BBF74A-AC5B-42D0-AF5A-6E71E2CC3FFE}.Release|Any CPU.Build.0 = Release|Any CPU
		{926A340B-02A3-4E24-B9EF-9574867780E1}.Debug|Any CPU.ActiveCfg = Debug|Any CPU
		{926A340B-02A3-4E24-B9EF-9574867780E1}.Debug|Any CPU.Build.0 = Debug|Any CPU
		{926A340B-02A3-4E24-B9EF-9574867780E1}.Release|Any CPU.ActiveCfg = Release|Any CPU
		{926A340B-02A3-4E24-B9EF-9574867780E1}.Release|Any CPU.Build.0 = Release|Any CPU
		{7F116F50-58F5-488C-A492-9AB2C41E738A}.Debug|Any CPU.ActiveCfg = Debug|Any CPU
		{7F116F50-58F5-488C-A492-9AB2C41E738A}.Debug|Any CPU.Build.0 = Debug|Any CPU
		{7F116F50-58F5-488C-A492-9AB2C41E738A}.Release|Any CPU.ActiveCfg = Release|Any CPU
		{7F116F50-58F5-488C-A492-9AB2C41E738A}.Release|Any CPU.Build.0 = Release|Any CPU
		{31ECFD49-B746-4297-8495-64F49921EBC7}.Debug|Any CPU.ActiveCfg = Debug|Any CPU
		{31ECFD49-B746-4297-8495-64F49921EBC7}.Debug|Any CPU.Build.0 = Debug|Any CPU
		{31ECFD49-B746-4297-8495-64F49921EBC7}.Release|Any CPU.ActiveCfg = Release|Any CPU
		{31ECFD49-B746-4297-8495-64F49921EBC7}.Release|Any CPU.Build.0 = Release|Any CPU
		{D23E5ECC-7245-45C2-9172-D6420B12B569}.Debug|Any CPU.ActiveCfg = Debug|Any CPU
		{D23E5ECC-7245-45C2-9172-D6420B12B569}.Debug|Any CPU.Build.0 = Debug|Any CPU
		{D23E5ECC-7245-45C2-9172-D6420B12B569}.Release|Any CPU.ActiveCfg = Release|Any CPU
		{D23E5ECC-7245-45C2-9172-D6420B12B569}.Release|Any CPU.Build.0 = Release|Any CPU
		{5394F03A-5330-4E7F-99F1-607B82CD087D}.Debug|Any CPU.ActiveCfg = Debug|Any CPU
		{5394F03A-5330-4E7F-99F1-607B82CD087D}.Debug|Any CPU.Build.0 = Debug|Any CPU
		{5394F03A-5330-4E7F-99F1-607B82CD087D}.Release|Any CPU.ActiveCfg = Release|Any CPU
		{5394F03A-5330-4E7F-99F1-607B82CD087D}.Release|Any CPU.Build.0 = Release|Any CPU
		{96816069-4365-49B9-B4E1-164951080757}.Debug|Any CPU.ActiveCfg = Debug|Any CPU
		{96816069-4365-49B9-B4E1-164951080757}.Debug|Any CPU.Build.0 = Debug|Any CPU
		{96816069-4365-49B9-B4E1-164951080757}.Release|Any CPU.ActiveCfg = Release|Any CPU
		{96816069-4365-49B9-B4E1-164951080757}.Release|Any CPU.Build.0 = Release|Any CPU
		{E63A9DD8-16C5-43FC-9626-DB2E776A9BD8}.Debug|Any CPU.ActiveCfg = Debug|Any CPU
		{E63A9DD8-16C5-43FC-9626-DB2E776A9BD8}.Debug|Any CPU.Build.0 = Debug|Any CPU
		{E63A9DD8-16C5-43FC-9626-DB2E776A9BD8}.Release|Any CPU.ActiveCfg = Release|Any CPU
		{E63A9DD8-16C5-43FC-9626-DB2E776A9BD8}.Release|Any CPU.Build.0 = Release|Any CPU
		{1DBC8CD1-9CF9-4FD2-BA7C-15AD6308B905}.Debug|Any CPU.ActiveCfg = Debug|Any CPU
		{1DBC8CD1-9CF9-4FD2-BA7C-15AD6308B905}.Debug|Any CPU.Build.0 = Debug|Any CPU
		{1DBC8CD1-9CF9-4FD2-BA7C-15AD6308B905}.Release|Any CPU.ActiveCfg = Release|Any CPU
		{1DBC8CD1-9CF9-4FD2-BA7C-15AD6308B905}.Release|Any CPU.Build.0 = Release|Any CPU
		{8F4FBAC1-D337-4233-8F5B-AEA7D10B5DBF}.Debug|Any CPU.ActiveCfg = Debug|Any CPU
		{8F4FBAC1-D337-4233-8F5B-AEA7D10B5DBF}.Debug|Any CPU.Build.0 = Debug|Any CPU
		{8F4FBAC1-D337-4233-8F5B-AEA7D10B5DBF}.Release|Any CPU.ActiveCfg = Release|Any CPU
		{8F4FBAC1-D337-4233-8F5B-AEA7D10B5DBF}.Release|Any CPU.Build.0 = Release|Any CPU
		{40CC8B37-25BC-4B29-AC88-024D92E56720}.Debug|Any CPU.ActiveCfg = Debug|Any CPU
		{40CC8B37-25BC-4B29-AC88-024D92E56720}.Debug|Any CPU.Build.0 = Debug|Any CPU
		{40CC8B37-25BC-4B29-AC88-024D92E56720}.Release|Any CPU.ActiveCfg = Release|Any CPU
		{40CC8B37-25BC-4B29-AC88-024D92E56720}.Release|Any CPU.Build.0 = Release|Any CPU
	EndGlobalSection
	GlobalSection(SolutionProperties) = preSolution
		HideSolutionNode = FALSE
	EndGlobalSection
	GlobalSection(NestedProjects) = preSolution
		{A199747B-5874-4B0C-B948-291901730982} = {641C6F56-ED42-4A5F-A4F1-F9D17BF5207A}
		{E7CA3CA6-31F3-41E1-B48C-6EE658E1F658} = {641C6F56-ED42-4A5F-A4F1-F9D17BF5207A}
		{1D3AC5EF-2937-4C7E-BCA4-4D91497CAAE7} = {641C6F56-ED42-4A5F-A4F1-F9D17BF5207A}
		{20153971-A376-4216-A702-46D6DA0786A5} = {E0CBFB20-F892-44AB-B885-05DA29430D30}
		{68582E3B-D32C-4302-946F-C428822F239B} = {EC983A5B-3E97-4EFC-8B93-0B466EA0FBB4}
		{397974EC-DE6F-457D-AE5A-413926625E28} = {AC30CF5F-3EC4-4BD8-9300-AE0ECCD5D025}
		{EC983A5B-3E97-4EFC-8B93-0B466EA0FBB4} = {AC30CF5F-3EC4-4BD8-9300-AE0ECCD5D025}
		{A336D008-8B38-43E6-A50E-DDE754CB04E1} = {EC983A5B-3E97-4EFC-8B93-0B466EA0FBB4}
		{7726C53B-A1A4-4F96-ABF1-B2D2A986D311} = {E0CBFB20-F892-44AB-B885-05DA29430D30}
		{33BBF74A-AC5B-42D0-AF5A-6E71E2CC3FFE} = {E0CBFB20-F892-44AB-B885-05DA29430D30}
		{926A340B-02A3-4E24-B9EF-9574867780E1} = {AC30CF5F-3EC4-4BD8-9300-AE0ECCD5D025}
		{7F116F50-58F5-488C-A492-9AB2C41E738A} = {E0CBFB20-F892-44AB-B885-05DA29430D30}
		{31ECFD49-B746-4297-8495-64F49921EBC7} = {E0CBFB20-F892-44AB-B885-05DA29430D30}
		{D23E5ECC-7245-45C2-9172-D6420B12B569} = {641C6F56-ED42-4A5F-A4F1-F9D17BF5207A}
		{5394F03A-5330-4E7F-99F1-607B82CD087D} = {641C6F56-ED42-4A5F-A4F1-F9D17BF5207A}
		{96816069-4365-49B9-B4E1-164951080757} = {B3D14996-AF35-41E1-AC52-84BA866DB3D0}
		{E63A9DD8-16C5-43FC-9626-DB2E776A9BD8} = {B3D14996-AF35-41E1-AC52-84BA866DB3D0}
		{1DBC8CD1-9CF9-4FD2-BA7C-15AD6308B905} = {B3D14996-AF35-41E1-AC52-84BA866DB3D0}
		{8F4FBAC1-D337-4233-8F5B-AEA7D10B5DBF} = {B3D14996-AF35-41E1-AC52-84BA866DB3D0}
		{40CC8B37-25BC-4B29-AC88-024D92E56720} = {B3D14996-AF35-41E1-AC52-84BA866DB3D0}
	EndGlobalSection
	GlobalSection(ExtensibilityGlobals) = postSolution
		SolutionGuid = {44DC85DF-1E08-4059-BAC3-157FBE8007C3}
	EndGlobalSection
EndGlobal
